// !$*UTF8*$!
{
	archiveVersion = 1;
	classes = {
	};
	objectVersion = 51;
	objects = {

/* Begin PBXBuildFile section */
		0F2D65DD2E73BE19DAC69F55 /* Pods_StudyCardsTests.framework in Frameworks */ = {isa = PBXBuildFile; fileRef = EDB900967760FBBD332B2915 /* Pods_StudyCardsTests.framework */; };
		33A71BE5A6B164642CBE132E /* Pods_StudyCards.framework in Frameworks */ = {isa = PBXBuildFile; fileRef = 46B77E1638349FBAE06D1301 /* Pods_StudyCards.framework */; };
		40DA41131E317F9314A5300F /* Pods_StudyCards_StudyCardsUITests.framework in Frameworks */ = {isa = PBXBuildFile; fileRef = 447FE45491CF4894A127BC70 /* Pods_StudyCards_StudyCardsUITests.framework */; };
		A050E48127026E47000A871D /* StudyCard.swift in Sources */ = {isa = PBXBuildFile; fileRef = A050E48027026E47000A871D /* StudyCard.swift */; };
		A0A9D14626DB948400D4A901 /* StudyCardsApp.swift in Sources */ = {isa = PBXBuildFile; fileRef = A0A9D14526DB948400D4A901 /* StudyCardsApp.swift */; };
		A0A9D14826DB948400D4A901 /* CardListView.swift in Sources */ = {isa = PBXBuildFile; fileRef = A0A9D14726DB948400D4A901 /* CardListView.swift */; };
		A0A9D14A26DB948800D4A901 /* Assets.xcassets in Resources */ = {isa = PBXBuildFile; fileRef = A0A9D14926DB948800D4A901 /* Assets.xcassets */; };
		A0A9D14D26DB948800D4A901 /* Preview Assets.xcassets in Resources */ = {isa = PBXBuildFile; fileRef = A0A9D14C26DB948800D4A901 /* Preview Assets.xcassets */; };
		A0A9D15826DB948800D4A901 /* StudyCardsTests.swift in Sources */ = {isa = PBXBuildFile; fileRef = A0A9D15726DB948800D4A901 /* StudyCardsTests.swift */; };
		A0A9D16326DB948800D4A901 /* StudyCardsUITests.swift in Sources */ = {isa = PBXBuildFile; fileRef = A0A9D16226DB948800D4A901 /* StudyCardsUITests.swift */; };
		A0A9D17126DB958C00D4A901 /* GoogleService-Info.plist in Resources */ = {isa = PBXBuildFile; fileRef = A0A9D17026DB958C00D4A901 /* GoogleService-Info.plist */; };
		A0A9D17726DBBDD000D4A901 /* CardRepository.swift in Sources */ = {isa = PBXBuildFile; fileRef = A0A9D17626DBBDD000D4A901 /* CardRepository.swift */; };
		A0E88D752704A2A1007E1C35 /* CardListViewModel.swift in Sources */ = {isa = PBXBuildFile; fileRef = A0E88D742704A2A1007E1C35 /* CardListViewModel.swift */; };
		A0E88D772704A730007E1C35 /* CardView.swift in Sources */ = {isa = PBXBuildFile; fileRef = A0E88D762704A730007E1C35 /* CardView.swift */; };
		A0E88D792704AC87007E1C35 /* CardViewModel.swift in Sources */ = {isa = PBXBuildFile; fileRef = A0E88D782704AC87007E1C35 /* CardViewModel.swift */; };
		A0E88D7B2704ECE1007E1C35 /* FormView.swift in Sources */ = {isa = PBXBuildFile; fileRef = A0E88D7A2704ECE1007E1C35 /* FormView.swift */; };
/* End PBXBuildFile section */

/* Begin PBXContainerItemProxy section */
		A0A9D15426DB948800D4A901 /* PBXContainerItemProxy */ = {
			isa = PBXContainerItemProxy;
			containerPortal = A0A9D13A26DB948400D4A901 /* Project object */;
			proxyType = 1;
			remoteGlobalIDString = A0A9D14126DB948400D4A901;
			remoteInfo = StudyCards;
		};
		A0A9D15F26DB948800D4A901 /* PBXContainerItemProxy */ = {
			isa = PBXContainerItemProxy;
			containerPortal = A0A9D13A26DB948400D4A901 /* Project object */;
			proxyType = 1;
			remoteGlobalIDString = A0A9D14126DB948400D4A901;
			remoteInfo = StudyCards;
		};
/* End PBXContainerItemProxy section */

/* Begin PBXFileReference section */
		236A13B3F48505BC09B9E403 /* Pods-StudyCardsTests.debug.xcconfig */ = {isa = PBXFileReference; includeInIndex = 1; lastKnownFileType = text.xcconfig; name = "Pods-StudyCardsTests.debug.xcconfig"; path = "Target Support Files/Pods-StudyCardsTests/Pods-StudyCardsTests.debug.xcconfig"; sourceTree = "<group>"; };
		447FE45491CF4894A127BC70 /* Pods_StudyCards_StudyCardsUITests.framework */ = {isa = PBXFileReference; explicitFileType = wrapper.framework; includeInIndex = 0; path = Pods_StudyCards_StudyCardsUITests.framework; sourceTree = BUILT_PRODUCTS_DIR; };
		46B77E1638349FBAE06D1301 /* Pods_StudyCards.framework */ = {isa = PBXFileReference; explicitFileType = wrapper.framework; includeInIndex = 0; path = Pods_StudyCards.framework; sourceTree = BUILT_PRODUCTS_DIR; };
		4B0DCDD3D606486FB15DD771 /* Pods-StudyCards-StudyCardsUITests.release.xcconfig */ = {isa = PBXFileReference; includeInIndex = 1; lastKnownFileType = text.xcconfig; name = "Pods-StudyCards-StudyCardsUITests.release.xcconfig"; path = "Target Support Files/Pods-StudyCards-StudyCardsUITests/Pods-StudyCards-StudyCardsUITests.release.xcconfig"; sourceTree = "<group>"; };
		7FE67C4A882851B1C4EEBF54 /* Pods-StudyCards.debug.xcconfig */ = {isa = PBXFileReference; includeInIndex = 1; lastKnownFileType = text.xcconfig; name = "Pods-StudyCards.debug.xcconfig"; path = "Target Support Files/Pods-StudyCards/Pods-StudyCards.debug.xcconfig"; sourceTree = "<group>"; };
		A050E48027026E47000A871D /* StudyCard.swift */ = {isa = PBXFileReference; lastKnownFileType = sourcecode.swift; path = StudyCard.swift; sourceTree = "<group>"; };
		A0A9D14226DB948400D4A901 /* StudyCards.app */ = {isa = PBXFileReference; explicitFileType = wrapper.application; includeInIndex = 0; path = StudyCards.app; sourceTree = BUILT_PRODUCTS_DIR; };
		A0A9D14526DB948400D4A901 /* StudyCardsApp.swift */ = {isa = PBXFileReference; lastKnownFileType = sourcecode.swift; path = StudyCardsApp.swift; sourceTree = "<group>"; };
		A0A9D14726DB948400D4A901 /* CardListView.swift */ = {isa = PBXFileReference; lastKnownFileType = sourcecode.swift; path = CardListView.swift; sourceTree = "<group>"; };
		A0A9D14926DB948800D4A901 /* Assets.xcassets */ = {isa = PBXFileReference; lastKnownFileType = folder.assetcatalog; path = Assets.xcassets; sourceTree = "<group>"; };
		A0A9D14C26DB948800D4A901 /* Preview Assets.xcassets */ = {isa = PBXFileReference; lastKnownFileType = folder.assetcatalog; path = "Preview Assets.xcassets"; sourceTree = "<group>"; };
		A0A9D14E26DB948800D4A901 /* Info.plist */ = {isa = PBXFileReference; lastKnownFileType = text.plist.xml; path = Info.plist; sourceTree = "<group>"; };
		A0A9D15326DB948800D4A901 /* StudyCardsTests.xctest */ = {isa = PBXFileReference; explicitFileType = wrapper.cfbundle; includeInIndex = 0; path = StudyCardsTests.xctest; sourceTree = BUILT_PRODUCTS_DIR; };
		A0A9D15726DB948800D4A901 /* StudyCardsTests.swift */ = {isa = PBXFileReference; lastKnownFileType = sourcecode.swift; path = StudyCardsTests.swift; sourceTree = "<group>"; };
		A0A9D15926DB948800D4A901 /* Info.plist */ = {isa = PBXFileReference; lastKnownFileType = text.plist.xml; path = Info.plist; sourceTree = "<group>"; };
		A0A9D15E26DB948800D4A901 /* StudyCardsUITests.xctest */ = {isa = PBXFileReference; explicitFileType = wrapper.cfbundle; includeInIndex = 0; path = StudyCardsUITests.xctest; sourceTree = BUILT_PRODUCTS_DIR; };
		A0A9D16226DB948800D4A901 /* StudyCardsUITests.swift */ = {isa = PBXFileReference; lastKnownFileType = sourcecode.swift; path = StudyCardsUITests.swift; sourceTree = "<group>"; };
		A0A9D16426DB948800D4A901 /* Info.plist */ = {isa = PBXFileReference; lastKnownFileType = text.plist.xml; path = Info.plist; sourceTree = "<group>"; };
		A0A9D17026DB958C00D4A901 /* GoogleService-Info.plist */ = {isa = PBXFileReference; fileEncoding = 4; lastKnownFileType = text.plist.xml; path = "GoogleService-Info.plist"; sourceTree = "<group>"; };
		A0A9D17626DBBDD000D4A901 /* CardRepository.swift */ = {isa = PBXFileReference; lastKnownFileType = sourcecode.swift; path = CardRepository.swift; sourceTree = "<group>"; };
		A0E88D742704A2A1007E1C35 /* CardListViewModel.swift */ = {isa = PBXFileReference; lastKnownFileType = sourcecode.swift; path = CardListViewModel.swift; sourceTree = "<group>"; };
		A0E88D762704A730007E1C35 /* CardView.swift */ = {isa = PBXFileReference; lastKnownFileType = sourcecode.swift; path = CardView.swift; sourceTree = "<group>"; };
		A0E88D782704AC87007E1C35 /* CardViewModel.swift */ = {isa = PBXFileReference; lastKnownFileType = sourcecode.swift; path = CardViewModel.swift; sourceTree = "<group>"; };
		A0E88D7A2704ECE1007E1C35 /* FormView.swift */ = {isa = PBXFileReference; lastKnownFileType = sourcecode.swift; path = FormView.swift; sourceTree = "<group>"; };
		B483A425B7CBBCA261859B82 /* Pods-StudyCards-StudyCardsUITests.debug.xcconfig */ = {isa = PBXFileReference; includeInIndex = 1; lastKnownFileType = text.xcconfig; name = "Pods-StudyCards-StudyCardsUITests.debug.xcconfig"; path = "Target Support Files/Pods-StudyCards-StudyCardsUITests/Pods-StudyCards-StudyCardsUITests.debug.xcconfig"; sourceTree = "<group>"; };
		EC2C61C0C62E20E5D96075F5 /* Pods-StudyCardsTests.release.xcconfig */ = {isa = PBXFileReference; includeInIndex = 1; lastKnownFileType = text.xcconfig; name = "Pods-StudyCardsTests.release.xcconfig"; path = "Target Support Files/Pods-StudyCardsTests/Pods-StudyCardsTests.release.xcconfig"; sourceTree = "<group>"; };
		EDB900967760FBBD332B2915 /* Pods_StudyCardsTests.framework */ = {isa = PBXFileReference; explicitFileType = wrapper.framework; includeInIndex = 0; path = Pods_StudyCardsTests.framework; sourceTree = BUILT_PRODUCTS_DIR; };
		F36EF7B2423E44CED8D4AB39 /* Pods-StudyCards.release.xcconfig */ = {isa = PBXFileReference; includeInIndex = 1; lastKnownFileType = text.xcconfig; name = "Pods-StudyCards.release.xcconfig"; path = "Target Support Files/Pods-StudyCards/Pods-StudyCards.release.xcconfig"; sourceTree = "<group>"; };
/* End PBXFileReference section */

/* Begin PBXFrameworksBuildPhase section */
		A0A9D13F26DB948400D4A901 /* Frameworks */ = {
			isa = PBXFrameworksBuildPhase;
			buildActionMask = 2147483647;
			files = (
				33A71BE5A6B164642CBE132E /* Pods_StudyCards.framework in Frameworks */,
			);
			runOnlyForDeploymentPostprocessing = 0;
		};
		A0A9D15026DB948800D4A901 /* Frameworks */ = {
			isa = PBXFrameworksBuildPhase;
			buildActionMask = 2147483647;
			files = (
				0F2D65DD2E73BE19DAC69F55 /* Pods_StudyCardsTests.framework in Frameworks */,
			);
			runOnlyForDeploymentPostprocessing = 0;
		};
		A0A9D15B26DB948800D4A901 /* Frameworks */ = {
			isa = PBXFrameworksBuildPhase;
			buildActionMask = 2147483647;
			files = (
				40DA41131E317F9314A5300F /* Pods_StudyCards_StudyCardsUITests.framework in Frameworks */,
			);
			runOnlyForDeploymentPostprocessing = 0;
		};
/* End PBXFrameworksBuildPhase section */

/* Begin PBXGroup section */
		A0A9D13926DB948400D4A901 = {
			isa = PBXGroup;
			children = (
				A0A9D14426DB948400D4A901 /* StudyCards */,
				A0A9D15626DB948800D4A901 /* StudyCardsTests */,
				A0A9D16126DB948800D4A901 /* StudyCardsUITests */,
				A0A9D14326DB948400D4A901 /* Products */,
				E4D95B25FA5F41432550F3C6 /* Pods */,
				F3CE93DDC2FCC5E8E58CE02F /* Frameworks */,
			);
			sourceTree = "<group>";
		};
		A0A9D14326DB948400D4A901 /* Products */ = {
			isa = PBXGroup;
			children = (
				A0A9D14226DB948400D4A901 /* StudyCards.app */,
				A0A9D15326DB948800D4A901 /* StudyCardsTests.xctest */,
				A0A9D15E26DB948800D4A901 /* StudyCardsUITests.xctest */,
			);
			name = Products;
			sourceTree = "<group>";
		};
		A0A9D14426DB948400D4A901 /* StudyCards */ = {
			isa = PBXGroup;
			children = (
				A0A9D17526DBB94F00D4A901 /* Repository */,
				A0A9D17426DBB93700D4A901 /* Models */,
				A0A9D17326DBB92E00D4A901 /* ViewModels */,
				A0A9D17226DBB92700D4A901 /* Views */,
				A0A9D14526DB948400D4A901 /* StudyCardsApp.swift */,
				A0A9D14726DB948400D4A901 /* CardListView.swift */,
				A0A9D17026DB958C00D4A901 /* GoogleService-Info.plist */,
				A0A9D14926DB948800D4A901 /* Assets.xcassets */,
				A0A9D14E26DB948800D4A901 /* Info.plist */,
				A0A9D14B26DB948800D4A901 /* Preview Content */,
			);
			path = StudyCards;
			sourceTree = "<group>";
		};
		A0A9D14B26DB948800D4A901 /* Preview Content */ = {
			isa = PBXGroup;
			children = (
				A0A9D14C26DB948800D4A901 /* Preview Assets.xcassets */,
			);
			path = "Preview Content";
			sourceTree = "<group>";
		};
		A0A9D15626DB948800D4A901 /* StudyCardsTests */ = {
			isa = PBXGroup;
			children = (
				A0A9D15726DB948800D4A901 /* StudyCardsTests.swift */,
				A0A9D15926DB948800D4A901 /* Info.plist */,
			);
			path = StudyCardsTests;
			sourceTree = "<group>";
		};
		A0A9D16126DB948800D4A901 /* StudyCardsUITests */ = {
			isa = PBXGroup;
			children = (
				A0A9D16226DB948800D4A901 /* StudyCardsUITests.swift */,
				A0A9D16426DB948800D4A901 /* Info.plist */,
			);
			path = StudyCardsUITests;
			sourceTree = "<group>";
		};
		A0A9D17226DBB92700D4A901 /* Views */ = {
			isa = PBXGroup;
			children = (
				A0E88D762704A730007E1C35 /* CardView.swift */,
				A0E88D7A2704ECE1007E1C35 /* FormView.swift */,
			);
			path = Views;
			sourceTree = "<group>";
		};
		A0A9D17326DBB92E00D4A901 /* ViewModels */ = {
			isa = PBXGroup;
			children = (
				A0E88D742704A2A1007E1C35 /* CardListViewModel.swift */,
				A0E88D782704AC87007E1C35 /* CardViewModel.swift */,
			);
			path = ViewModels;
			sourceTree = "<group>";
		};
		A0A9D17426DBB93700D4A901 /* Models */ = {
			isa = PBXGroup;
			children = (
				A050E48027026E47000A871D /* StudyCard.swift */,
			);
			path = Models;
			sourceTree = "<group>";
		};
		A0A9D17526DBB94F00D4A901 /* Repository */ = {
			isa = PBXGroup;
			children = (
				A0A9D17626DBBDD000D4A901 /* CardRepository.swift */,
			);
			path = Repository;
			sourceTree = "<group>";
		};
		E4D95B25FA5F41432550F3C6 /* Pods */ = {
			isa = PBXGroup;
			children = (
				7FE67C4A882851B1C4EEBF54 /* Pods-StudyCards.debug.xcconfig */,
				F36EF7B2423E44CED8D4AB39 /* Pods-StudyCards.release.xcconfig */,
				B483A425B7CBBCA261859B82 /* Pods-StudyCards-StudyCardsUITests.debug.xcconfig */,
				4B0DCDD3D606486FB15DD771 /* Pods-StudyCards-StudyCardsUITests.release.xcconfig */,
				236A13B3F48505BC09B9E403 /* Pods-StudyCardsTests.debug.xcconfig */,
				EC2C61C0C62E20E5D96075F5 /* Pods-StudyCardsTests.release.xcconfig */,
			);
			path = Pods;
			sourceTree = "<group>";
		};
		F3CE93DDC2FCC5E8E58CE02F /* Frameworks */ = {
			isa = PBXGroup;
			children = (
				46B77E1638349FBAE06D1301 /* Pods_StudyCards.framework */,
				447FE45491CF4894A127BC70 /* Pods_StudyCards_StudyCardsUITests.framework */,
				EDB900967760FBBD332B2915 /* Pods_StudyCardsTests.framework */,
			);
			name = Frameworks;
			sourceTree = "<group>";
		};
/* End PBXGroup section */

/* Begin PBXNativeTarget section */
		A0A9D14126DB948400D4A901 /* StudyCards */ = {
			isa = PBXNativeTarget;
			buildConfigurationList = A0A9D16726DB948800D4A901 /* Build configuration list for PBXNativeTarget "StudyCards" */;
			buildPhases = (
				FA4D53E70F01118C34D4CE66 /* [CP] Check Pods Manifest.lock */,
				A0A9D13E26DB948400D4A901 /* Sources */,
				A0A9D13F26DB948400D4A901 /* Frameworks */,
				A0A9D14026DB948400D4A901 /* Resources */,
				1B87B8639D9A4A01E1C5F54F /* [CP] Embed Pods Frameworks */,
			);
			buildRules = (
			);
			dependencies = (
			);
			name = StudyCards;
			productName = StudyCards;
			productReference = A0A9D14226DB948400D4A901 /* StudyCards.app */;
			productType = "com.apple.product-type.application";
		};
		A0A9D15226DB948800D4A901 /* StudyCardsTests */ = {
			isa = PBXNativeTarget;
			buildConfigurationList = A0A9D16A26DB948800D4A901 /* Build configuration list for PBXNativeTarget "StudyCardsTests" */;
			buildPhases = (
				AAD8A453DDE21E7A484019C2 /* [CP] Check Pods Manifest.lock */,
				A0A9D14F26DB948800D4A901 /* Sources */,
				A0A9D15026DB948800D4A901 /* Frameworks */,
				A0A9D15126DB948800D4A901 /* Resources */,
			);
			buildRules = (
			);
			dependencies = (
				A0A9D15526DB948800D4A901 /* PBXTargetDependency */,
			);
			name = StudyCardsTests;
			productName = StudyCardsTests;
			productReference = A0A9D15326DB948800D4A901 /* StudyCardsTests.xctest */;
			productType = "com.apple.product-type.bundle.unit-test";
		};
		A0A9D15D26DB948800D4A901 /* StudyCardsUITests */ = {
			isa = PBXNativeTarget;
			buildConfigurationList = A0A9D16D26DB948800D4A901 /* Build configuration list for PBXNativeTarget "StudyCardsUITests" */;
			buildPhases = (
				908DCCE177122855AE49C0AF /* [CP] Check Pods Manifest.lock */,
				A0A9D15A26DB948800D4A901 /* Sources */,
				A0A9D15B26DB948800D4A901 /* Frameworks */,
				A0A9D15C26DB948800D4A901 /* Resources */,
				34557814FE3CD0213531A4D8 /* [CP] Embed Pods Frameworks */,
			);
			buildRules = (
			);
			dependencies = (
				A0A9D16026DB948800D4A901 /* PBXTargetDependency */,
			);
			name = StudyCardsUITests;
			productName = StudyCardsUITests;
			productReference = A0A9D15E26DB948800D4A901 /* StudyCardsUITests.xctest */;
			productType = "com.apple.product-type.bundle.ui-testing";
		};
/* End PBXNativeTarget section */

/* Begin PBXProject section */
		A0A9D13A26DB948400D4A901 /* Project object */ = {
			isa = PBXProject;
			attributes = {
				LastSwiftUpdateCheck = 1250;
				LastUpgradeCheck = 1250;
				TargetAttributes = {
					A0A9D14126DB948400D4A901 = {
						CreatedOnToolsVersion = 12.5;
					};
					A0A9D15226DB948800D4A901 = {
						CreatedOnToolsVersion = 12.5;
						TestTargetID = A0A9D14126DB948400D4A901;
					};
					A0A9D15D26DB948800D4A901 = {
						CreatedOnToolsVersion = 12.5;
						TestTargetID = A0A9D14126DB948400D4A901;
					};
				};
			};
			buildConfigurationList = A0A9D13D26DB948400D4A901 /* Build configuration list for PBXProject "StudyCards" */;
			compatibilityVersion = "Xcode 9.3";
			developmentRegion = en;
			hasScannedForEncodings = 0;
			knownRegions = (
				en,
				Base,
			);
			mainGroup = A0A9D13926DB948400D4A901;
			productRefGroup = A0A9D14326DB948400D4A901 /* Products */;
			projectDirPath = "";
			projectRoot = "";
			targets = (
				A0A9D14126DB948400D4A901 /* StudyCards */,
				A0A9D15226DB948800D4A901 /* StudyCardsTests */,
				A0A9D15D26DB948800D4A901 /* StudyCardsUITests */,
			);
		};
/* End PBXProject section */

/* Begin PBXResourcesBuildPhase section */
		A0A9D14026DB948400D4A901 /* Resources */ = {
			isa = PBXResourcesBuildPhase;
			buildActionMask = 2147483647;
			files = (
				A0A9D14D26DB948800D4A901 /* Preview Assets.xcassets in Resources */,
				A0A9D17126DB958C00D4A901 /* GoogleService-Info.plist in Resources */,
				A0A9D14A26DB948800D4A901 /* Assets.xcassets in Resources */,
			);
			runOnlyForDeploymentPostprocessing = 0;
		};
		A0A9D15126DB948800D4A901 /* Resources */ = {
			isa = PBXResourcesBuildPhase;
			buildActionMask = 2147483647;
			files = (
			);
			runOnlyForDeploymentPostprocessing = 0;
		};
		A0A9D15C26DB948800D4A901 /* Resources */ = {
			isa = PBXResourcesBuildPhase;
			buildActionMask = 2147483647;
			files = (
			);
			runOnlyForDeploymentPostprocessing = 0;
		};
/* End PBXResourcesBuildPhase section */

/* Begin PBXShellScriptBuildPhase section */
		1B87B8639D9A4A01E1C5F54F /* [CP] Embed Pods Frameworks */ = {
			isa = PBXShellScriptBuildPhase;
			buildActionMask = 2147483647;
			files = (
			);
			inputFileListPaths = (
				"${PODS_ROOT}/Target Support Files/Pods-StudyCards/Pods-StudyCards-frameworks-${CONFIGURATION}-input-files.xcfilelist",
			);
			name = "[CP] Embed Pods Frameworks";
			outputFileListPaths = (
				"${PODS_ROOT}/Target Support Files/Pods-StudyCards/Pods-StudyCards-frameworks-${CONFIGURATION}-output-files.xcfilelist",
			);
			runOnlyForDeploymentPostprocessing = 0;
			shellPath = /bin/sh;
			shellScript = "\"${PODS_ROOT}/Target Support Files/Pods-StudyCards/Pods-StudyCards-frameworks.sh\"\n";
			showEnvVarsInLog = 0;
		};
		34557814FE3CD0213531A4D8 /* [CP] Embed Pods Frameworks */ = {
			isa = PBXShellScriptBuildPhase;
			buildActionMask = 2147483647;
			files = (
			);
			inputFileListPaths = (
				"${PODS_ROOT}/Target Support Files/Pods-StudyCards-StudyCardsUITests/Pods-StudyCards-StudyCardsUITests-frameworks-${CONFIGURATION}-input-files.xcfilelist",
			);
			name = "[CP] Embed Pods Frameworks";
			outputFileListPaths = (
				"${PODS_ROOT}/Target Support Files/Pods-StudyCards-StudyCardsUITests/Pods-StudyCards-StudyCardsUITests-frameworks-${CONFIGURATION}-output-files.xcfilelist",
			);
			runOnlyForDeploymentPostprocessing = 0;
			shellPath = /bin/sh;
			shellScript = "\"${PODS_ROOT}/Target Support Files/Pods-StudyCards-StudyCardsUITests/Pods-StudyCards-StudyCardsUITests-frameworks.sh\"\n";
			showEnvVarsInLog = 0;
		};
		908DCCE177122855AE49C0AF /* [CP] Check Pods Manifest.lock */ = {
			isa = PBXShellScriptBuildPhase;
			buildActionMask = 2147483647;
			files = (
			);
			inputFileListPaths = (
			);
			inputPaths = (
				"${PODS_PODFILE_DIR_PATH}/Podfile.lock",
				"${PODS_ROOT}/Manifest.lock",
			);
			name = "[CP] Check Pods Manifest.lock";
			outputFileListPaths = (
			);
			outputPaths = (
				"$(DERIVED_FILE_DIR)/Pods-StudyCards-StudyCardsUITests-checkManifestLockResult.txt",
			);
			runOnlyForDeploymentPostprocessing = 0;
			shellPath = /bin/sh;
			shellScript = "diff \"${PODS_PODFILE_DIR_PATH}/Podfile.lock\" \"${PODS_ROOT}/Manifest.lock\" > /dev/null\nif [ $? != 0 ] ; then\n    # print error to STDERR\n    echo \"error: The sandbox is not in sync with the Podfile.lock. Run 'pod install' or update your CocoaPods installation.\" >&2\n    exit 1\nfi\n# This output is used by Xcode 'outputs' to avoid re-running this script phase.\necho \"SUCCESS\" > \"${SCRIPT_OUTPUT_FILE_0}\"\n";
			showEnvVarsInLog = 0;
		};
		AAD8A453DDE21E7A484019C2 /* [CP] Check Pods Manifest.lock */ = {
			isa = PBXShellScriptBuildPhase;
			buildActionMask = 2147483647;
			files = (
			);
			inputFileListPaths = (
			);
			inputPaths = (
				"${PODS_PODFILE_DIR_PATH}/Podfile.lock",
				"${PODS_ROOT}/Manifest.lock",
			);
			name = "[CP] Check Pods Manifest.lock";
			outputFileListPaths = (
			);
			outputPaths = (
				"$(DERIVED_FILE_DIR)/Pods-StudyCardsTests-checkManifestLockResult.txt",
			);
			runOnlyForDeploymentPostprocessing = 0;
			shellPath = /bin/sh;
			shellScript = "diff \"${PODS_PODFILE_DIR_PATH}/Podfile.lock\" \"${PODS_ROOT}/Manifest.lock\" > /dev/null\nif [ $? != 0 ] ; then\n    # print error to STDERR\n    echo \"error: The sandbox is not in sync with the Podfile.lock. Run 'pod install' or update your CocoaPods installation.\" >&2\n    exit 1\nfi\n# This output is used by Xcode 'outputs' to avoid re-running this script phase.\necho \"SUCCESS\" > \"${SCRIPT_OUTPUT_FILE_0}\"\n";
			showEnvVarsInLog = 0;
		};
		FA4D53E70F01118C34D4CE66 /* [CP] Check Pods Manifest.lock */ = {
			isa = PBXShellScriptBuildPhase;
			buildActionMask = 2147483647;
			files = (
			);
			inputFileListPaths = (
			);
			inputPaths = (
				"${PODS_PODFILE_DIR_PATH}/Podfile.lock",
				"${PODS_ROOT}/Manifest.lock",
			);
			name = "[CP] Check Pods Manifest.lock";
			outputFileListPaths = (
			);
			outputPaths = (
				"$(DERIVED_FILE_DIR)/Pods-StudyCards-checkManifestLockResult.txt",
			);
			runOnlyForDeploymentPostprocessing = 0;
			shellPath = /bin/sh;
			shellScript = "diff \"${PODS_PODFILE_DIR_PATH}/Podfile.lock\" \"${PODS_ROOT}/Manifest.lock\" > /dev/null\nif [ $? != 0 ] ; then\n    # print error to STDERR\n    echo \"error: The sandbox is not in sync with the Podfile.lock. Run 'pod install' or update your CocoaPods installation.\" >&2\n    exit 1\nfi\n# This output is used by Xcode 'outputs' to avoid re-running this script phase.\necho \"SUCCESS\" > \"${SCRIPT_OUTPUT_FILE_0}\"\n";
			showEnvVarsInLog = 0;
		};
/* End PBXShellScriptBuildPhase section */

/* Begin PBXSourcesBuildPhase section */
		A0A9D13E26DB948400D4A901 /* Sources */ = {
			isa = PBXSourcesBuildPhase;
			buildActionMask = 2147483647;
			files = (
				A0E88D7B2704ECE1007E1C35 /* FormView.swift in Sources */,
				A0E88D752704A2A1007E1C35 /* CardListViewModel.swift in Sources */,
				A0A9D14826DB948400D4A901 /* CardListView.swift in Sources */,
				A050E48127026E47000A871D /* StudyCard.swift in Sources */,
				A0A9D17726DBBDD000D4A901 /* CardRepository.swift in Sources */,
				A0E88D772704A730007E1C35 /* CardView.swift in Sources */,
				A0A9D14626DB948400D4A901 /* StudyCardsApp.swift in Sources */,
				A0E88D792704AC87007E1C35 /* CardViewModel.swift in Sources */,
			);
			runOnlyForDeploymentPostprocessing = 0;
		};
		A0A9D14F26DB948800D4A901 /* Sources */ = {
			isa = PBXSourcesBuildPhase;
			buildActionMask = 2147483647;
			files = (
				A0A9D15826DB948800D4A901 /* StudyCardsTests.swift in Sources */,
			);
			runOnlyForDeploymentPostprocessing = 0;
		};
		A0A9D15A26DB948800D4A901 /* Sources */ = {
			isa = PBXSourcesBuildPhase;
			buildActionMask = 2147483647;
			files = (
				A0A9D16326DB948800D4A901 /* StudyCardsUITests.swift in Sources */,
			);
			runOnlyForDeploymentPostprocessing = 0;
		};
/* End PBXSourcesBuildPhase section */

/* Begin PBXTargetDependency section */
		A0A9D15526DB948800D4A901 /* PBXTargetDependency */ = {
			isa = PBXTargetDependency;
			target = A0A9D14126DB948400D4A901 /* StudyCards */;
			targetProxy = A0A9D15426DB948800D4A901 /* PBXContainerItemProxy */;
		};
		A0A9D16026DB948800D4A901 /* PBXTargetDependency */ = {
			isa = PBXTargetDependency;
			target = A0A9D14126DB948400D4A901 /* StudyCards */;
			targetProxy = A0A9D15F26DB948800D4A901 /* PBXContainerItemProxy */;
		};
/* End PBXTargetDependency section */

/* Begin XCBuildConfiguration section */
		A0A9D16526DB948800D4A901 /* Debug */ = {
			isa = XCBuildConfiguration;
			buildSettings = {
				ALWAYS_SEARCH_USER_PATHS = NO;
				CLANG_ANALYZER_NONNULL = YES;
				CLANG_ANALYZER_NUMBER_OBJECT_CONVERSION = YES_AGGRESSIVE;
				CLANG_CXX_LANGUAGE_STANDARD = "gnu++14";
				CLANG_CXX_LIBRARY = "libc++";
				CLANG_ENABLE_MODULES = YES;
				CLANG_ENABLE_OBJC_ARC = YES;
				CLANG_ENABLE_OBJC_WEAK = YES;
				CLANG_WARN_BLOCK_CAPTURE_AUTORELEASING = YES;
				CLANG_WARN_BOOL_CONVERSION = YES;
				CLANG_WARN_COMMA = YES;
				CLANG_WARN_CONSTANT_CONVERSION = YES;
				CLANG_WARN_DEPRECATED_OBJC_IMPLEMENTATIONS = YES;
				CLANG_WARN_DIRECT_OBJC_ISA_USAGE = YES_ERROR;
				CLANG_WARN_DOCUMENTATION_COMMENTS = YES;
				CLANG_WARN_EMPTY_BODY = YES;
				CLANG_WARN_ENUM_CONVERSION = YES;
				CLANG_WARN_INFINITE_RECURSION = YES;
				CLANG_WARN_INT_CONVERSION = YES;
				CLANG_WARN_NON_LITERAL_NULL_CONVERSION = YES;
				CLANG_WARN_OBJC_IMPLICIT_RETAIN_SELF = YES;
				CLANG_WARN_OBJC_LITERAL_CONVERSION = YES;
				CLANG_WARN_OBJC_ROOT_CLASS = YES_ERROR;
				CLANG_WARN_QUOTED_INCLUDE_IN_FRAMEWORK_HEADER = YES;
				CLANG_WARN_RANGE_LOOP_ANALYSIS = YES;
				CLANG_WARN_STRICT_PROTOTYPES = YES;
				CLANG_WARN_SUSPICIOUS_MOVE = YES;
				CLANG_WARN_UNGUARDED_AVAILABILITY = YES_AGGRESSIVE;
				CLANG_WARN_UNREACHABLE_CODE = YES;
				CLANG_WARN__DUPLICATE_METHOD_MATCH = YES;
				COPY_PHASE_STRIP = NO;
				DEBUG_INFORMATION_FORMAT = dwarf;
				ENABLE_STRICT_OBJC_MSGSEND = YES;
				ENABLE_TESTABILITY = YES;
				GCC_C_LANGUAGE_STANDARD = gnu11;
				GCC_DYNAMIC_NO_PIC = NO;
				GCC_NO_COMMON_BLOCKS = YES;
				GCC_OPTIMIZATION_LEVEL = 0;
				GCC_PREPROCESSOR_DEFINITIONS = (
					"DEBUG=1",
					"$(inherited)",
				);
				GCC_WARN_64_TO_32_BIT_CONVERSION = YES;
				GCC_WARN_ABOUT_RETURN_TYPE = YES_ERROR;
				GCC_WARN_UNDECLARED_SELECTOR = YES;
				GCC_WARN_UNINITIALIZED_AUTOS = YES_AGGRESSIVE;
				GCC_WARN_UNUSED_FUNCTION = YES;
				GCC_WARN_UNUSED_VARIABLE = YES;
				IPHONEOS_DEPLOYMENT_TARGET = 14.5;
				MTL_ENABLE_DEBUG_INFO = INCLUDE_SOURCE;
				MTL_FAST_MATH = YES;
				ONLY_ACTIVE_ARCH = YES;
				SDKROOT = iphoneos;
				SWIFT_ACTIVE_COMPILATION_CONDITIONS = DEBUG;
				SWIFT_OPTIMIZATION_LEVEL = "-Onone";
			};
			name = Debug;
		};
		A0A9D16626DB948800D4A901 /* Release */ = {
			isa = XCBuildConfiguration;
			buildSettings = {
				ALWAYS_SEARCH_USER_PATHS = NO;
				CLANG_ANALYZER_NONNULL = YES;
				CLANG_ANALYZER_NUMBER_OBJECT_CONVERSION = YES_AGGRESSIVE;
				CLANG_CXX_LANGUAGE_STANDARD = "gnu++14";
				CLANG_CXX_LIBRARY = "libc++";
				CLANG_ENABLE_MODULES = YES;
				CLANG_ENABLE_OBJC_ARC = YES;
				CLANG_ENABLE_OBJC_WEAK = YES;
				CLANG_WARN_BLOCK_CAPTURE_AUTORELEASING = YES;
				CLANG_WARN_BOOL_CONVERSION = YES;
				CLANG_WARN_COMMA = YES;
				CLANG_WARN_CONSTANT_CONVERSION = YES;
				CLANG_WARN_DEPRECATED_OBJC_IMPLEMENTATIONS = YES;
				CLANG_WARN_DIRECT_OBJC_ISA_USAGE = YES_ERROR;
				CLANG_WARN_DOCUMENTATION_COMMENTS = YES;
				CLANG_WARN_EMPTY_BODY = YES;
				CLANG_WARN_ENUM_CONVERSION = YES;
				CLANG_WARN_INFINITE_RECURSION = YES;
				CLANG_WARN_INT_CONVERSION = YES;
				CLANG_WARN_NON_LITERAL_NULL_CONVERSION = YES;
				CLANG_WARN_OBJC_IMPLICIT_RETAIN_SELF = YES;
				CLANG_WARN_OBJC_LITERAL_CONVERSION = YES;
				CLANG_WARN_OBJC_ROOT_CLASS = YES_ERROR;
				CLANG_WARN_QUOTED_INCLUDE_IN_FRAMEWORK_HEADER = YES;
				CLANG_WARN_RANGE_LOOP_ANALYSIS = YES;
				CLANG_WARN_STRICT_PROTOTYPES = YES;
				CLANG_WARN_SUSPICIOUS_MOVE = YES;
				CLANG_WARN_UNGUARDED_AVAILABILITY = YES_AGGRESSIVE;
				CLANG_WARN_UNREACHABLE_CODE = YES;
				CLANG_WARN__DUPLICATE_METHOD_MATCH = YES;
				COPY_PHASE_STRIP = NO;
				DEBUG_INFORMATION_FORMAT = "dwarf-with-dsym";
				ENABLE_NS_ASSERTIONS = NO;
				ENABLE_STRICT_OBJC_MSGSEND = YES;
				GCC_C_LANGUAGE_STANDARD = gnu11;
				GCC_NO_COMMON_BLOCKS = YES;
				GCC_WARN_64_TO_32_BIT_CONVERSION = YES;
				GCC_WARN_ABOUT_RETURN_TYPE = YES_ERROR;
				GCC_WARN_UNDECLARED_SELECTOR = YES;
				GCC_WARN_UNINITIALIZED_AUTOS = YES_AGGRESSIVE;
				GCC_WARN_UNUSED_FUNCTION = YES;
				GCC_WARN_UNUSED_VARIABLE = YES;
				IPHONEOS_DEPLOYMENT_TARGET = 14.5;
				MTL_ENABLE_DEBUG_INFO = NO;
				MTL_FAST_MATH = YES;
				SDKROOT = iphoneos;
				SWIFT_COMPILATION_MODE = wholemodule;
				SWIFT_OPTIMIZATION_LEVEL = "-O";
				VALIDATE_PRODUCT = YES;
			};
			name = Release;
		};
		A0A9D16826DB948800D4A901 /* Debug */ = {
			isa = XCBuildConfiguration;
			baseConfigurationReference = 7FE67C4A882851B1C4EEBF54 /* Pods-StudyCards.debug.xcconfig */;
			buildSettings = {
				ASSETCATALOG_COMPILER_APPICON_NAME = AppIcon;
				ASSETCATALOG_COMPILER_GLOBAL_ACCENT_COLOR_NAME = AccentColor;
				CODE_SIGN_STYLE = Automatic;
				DEVELOPMENT_ASSET_PATHS = "\"StudyCards/Preview Content\"";
				DEVELOPMENT_TEAM = K6L9PX98Y5;
				ENABLE_PREVIEWS = YES;
				INFOPLIST_FILE = StudyCards/Info.plist;
				IPHONEOS_DEPLOYMENT_TARGET = 14.0;
				LD_RUNPATH_SEARCH_PATHS = (
					"$(inherited)",
					"@executable_path/Frameworks",
				);
				PRODUCT_BUNDLE_IDENTIFIER = com.yemigabriel.StudyCards;
				PRODUCT_NAME = "$(TARGET_NAME)";
				SWIFT_VERSION = 5.0;
				TARGETED_DEVICE_FAMILY = "1,2";
			};
			name = Debug;
		};
		A0A9D16926DB948800D4A901 /* Release */ = {
			isa = XCBuildConfiguration;
			baseConfigurationReference = F36EF7B2423E44CED8D4AB39 /* Pods-StudyCards.release.xcconfig */;
			buildSettings = {
				ASSETCATALOG_COMPILER_APPICON_NAME = AppIcon;
				ASSETCATALOG_COMPILER_GLOBAL_ACCENT_COLOR_NAME = AccentColor;
				CODE_SIGN_STYLE = Automatic;
				DEVELOPMENT_ASSET_PATHS = "\"StudyCards/Preview Content\"";
				DEVELOPMENT_TEAM = K6L9PX98Y5;
				ENABLE_PREVIEWS = YES;
				INFOPLIST_FILE = StudyCards/Info.plist;
				IPHONEOS_DEPLOYMENT_TARGET = 14.0;
				LD_RUNPATH_SEARCH_PATHS = (
					"$(inherited)",
					"@executable_path/Frameworks",
				);
				PRODUCT_BUNDLE_IDENTIFIER = com.yemigabriel.StudyCards;
				PRODUCT_NAME = "$(TARGET_NAME)";
				SWIFT_VERSION = 5.0;
				TARGETED_DEVICE_FAMILY = "1,2";
			};
			name = Release;
		};
		A0A9D16B26DB948800D4A901 /* Debug */ = {
			isa = XCBuildConfiguration;
			baseConfigurationReference = 236A13B3F48505BC09B9E403 /* Pods-StudyCardsTests.debug.xcconfig */;
			buildSettings = {
				ALWAYS_EMBED_SWIFT_STANDARD_LIBRARIES = YES;
				BUNDLE_LOADER = "$(TEST_HOST)";
				CODE_SIGN_STYLE = Automatic;
				DEVELOPMENT_TEAM = K6L9PX98Y5;
				INFOPLIST_FILE = StudyCardsTests/Info.plist;
				IPHONEOS_DEPLOYMENT_TARGET = 14.0;
				LD_RUNPATH_SEARCH_PATHS = (
					"$(inherited)",
					"@executable_path/Frameworks",
					"@loader_path/Frameworks",
				);
				PRODUCT_BUNDLE_IDENTIFIER = com.yemigabriel.StudyCardsTests;
				PRODUCT_NAME = "$(TARGET_NAME)";
				SWIFT_VERSION = 5.0;
				TARGETED_DEVICE_FAMILY = "1,2";
				TEST_HOST = "$(BUILT_PRODUCTS_DIR)/StudyCards.app/StudyCards";
			};
			name = Debug;
		};
		A0A9D16C26DB948800D4A901 /* Release */ = {
			isa = XCBuildConfiguration;
			baseConfigurationReference = EC2C61C0C62E20E5D96075F5 /* Pods-StudyCardsTests.release.xcconfig */;
			buildSettings = {
				ALWAYS_EMBED_SWIFT_STANDARD_LIBRARIES = YES;
				BUNDLE_LOADER = "$(TEST_HOST)";
				CODE_SIGN_STYLE = Automatic;
				DEVELOPMENT_TEAM = K6L9PX98Y5;
				INFOPLIST_FILE = StudyCardsTests/Info.plist;
				IPHONEOS_DEPLOYMENT_TARGET = 14.0;
				LD_RUNPATH_SEARCH_PATHS = (
					"$(inherited)",
					"@executable_path/Frameworks",
					"@loader_path/Frameworks",
				);
				PRODUCT_BUNDLE_IDENTIFIER = com.yemigabriel.StudyCardsTests;
				PRODUCT_NAME = "$(TARGET_NAME)";
				SWIFT_VERSION = 5.0;
				TARGETED_DEVICE_FAMILY = "1,2";
				TEST_HOST = "$(BUILT_PRODUCTS_DIR)/StudyCards.app/StudyCards";
			};
			name = Release;
		};
		A0A9D16E26DB948800D4A901 /* Debug */ = {
			isa = XCBuildConfiguration;
			baseConfigurationReference = B483A425B7CBBCA261859B82 /* Pods-StudyCards-StudyCardsUITests.debug.xcconfig */;
			buildSettings = {
				ALWAYS_EMBED_SWIFT_STANDARD_LIBRARIES = YES;
				CODE_SIGN_STYLE = Automatic;
				DEVELOPMENT_TEAM = K6L9PX98Y5;
				INFOPLIST_FILE = StudyCardsUITests/Info.plist;
				LD_RUNPATH_SEARCH_PATHS = (
					"$(inherited)",
					"@executable_path/Frameworks",
					"@loader_path/Frameworks",
				);
				PRODUCT_BUNDLE_IDENTIFIER = com.yemigabriel.StudyCardsUITests;
				PRODUCT_NAME = "$(TARGET_NAME)";
				SWIFT_VERSION = 5.0;
				TARGETED_DEVICE_FAMILY = "1,2";
				TEST_TARGET_NAME = StudyCards;
			};
			name = Debug;
		};
		A0A9D16F26DB948800D4A901 /* Release */ = {
			isa = XCBuildConfiguration;
			baseConfigurationReference = 4B0DCDD3D606486FB15DD771 /* Pods-StudyCards-StudyCardsUITests.release.xcconfig */;
			buildSettings = {
				ALWAYS_EMBED_SWIFT_STANDARD_LIBRARIES = YES;
				CODE_SIGN_STYLE = Automatic;
				DEVELOPMENT_TEAM = K6L9PX98Y5;
				INFOPLIST_FILE = StudyCardsUITests/Info.plist;
				LD_RUNPATH_SEARCH_PATHS = (
					"$(inherited)",
					"@executable_path/Frameworks",
					"@loader_path/Frameworks",
				);
				PRODUCT_BUNDLE_IDENTIFIER = com.yemigabriel.StudyCardsUITests;
				PRODUCT_NAME = "$(TARGET_NAME)";
				SWIFT_VERSION = 5.0;
				TARGETED_DEVICE_FAMILY = "1,2";
				TEST_TARGET_NAME = StudyCards;
			};
			name = Release;
		};
/* End XCBuildConfiguration section */

/* Begin XCConfigurationList section */
		A0A9D13D26DB948400D4A901 /* Build configuration list for PBXProject "StudyCards" */ = {
			isa = XCConfigurationList;
			buildConfigurations = (
				A0A9D16526DB948800D4A901 /* Debug */,
				A0A9D16626DB948800D4A901 /* Release */,
			);
			defaultConfigurationIsVisible = 0;
			defaultConfigurationName = Release;
		};
		A0A9D16726DB948800D4A901 /* Build configuration list for PBXNativeTarget "StudyCards" */ = {
			isa = XCConfigurationList;
			buildConfigurations = (
				A0A9D16826DB948800D4A901 /* Debug */,
				A0A9D16926DB948800D4A901 /* Release */,
			);
			defaultConfigurationIsVisible = 0;
			defaultConfigurationName = Release;
		};
		A0A9D16A26DB948800D4A901 /* Build configuration list for PBXNativeTarget "StudyCardsTests" */ = {
			isa = XCConfigurationList;
			buildConfigurations = (
				A0A9D16B26DB948800D4A901 /* Debug */,
				A0A9D16C26DB948800D4A901 /* Release */,
			);
			defaultConfigurationIsVisible = 0;
			defaultConfigurationName = Release;
		};
		A0A9D16D26DB948800D4A901 /* Build configuration list for PBXNativeTarget "StudyCardsUITests" */ = {
			isa = XCConfigurationList;
			buildConfigurations = (
				A0A9D16E26DB948800D4A901 /* Debug */,
				A0A9D16F26DB948800D4A901 /* Release */,
			);
			defaultConfigurationIsVisible = 0;
			defaultConfigurationName = Release;
		};
/* End XCConfigurationList section */
	};
	rootObject = A0A9D13A26DB948400D4A901 /* Project object */;
}
